
Microsoft Visual Studio Solution File, Format Version 12.00
# Visual Studio 15
VisualStudioVersion = 15.0.27906.1
MinimumVisualStudioVersion = 10.0.40219.1
Project("{8BC9CEB8-8B4A-11D0-8D11-00A0C91BC942}") = "东方山寨", "东方山寨.vcxproj", "{8D4D0C20-F29D-4090-8ECA-C7FAB23A3313}"
EndProject
Project("{8BC9CEB8-8B4A-11D0-8D11-00A0C91BC942}") = "cflw代码库cpp", "..\cflw代码库\cflw代码库.vcxproj", "{AD010D5B-4048-48C8-9BE6-82484BEC32B1}"
EndProject
Project("{8BC9CEB8-8B4A-11D0-8D11-00A0C91BC942}") = "用户界面", "..\用户界面\用户界面.vcxproj", "{B241C66B-8A81-4160-BE52-A3FDAAC8E6AF}"
EndProject
Global
	GlobalSection(SolutionConfigurationPlatforms) = preSolution
		Debug|Win32 = Debug|Win32
		Release|Win32 = Release|Win32
	EndGlobalSection
	GlobalSection(ProjectConfigurationPlatforms) = postSolution
		{8D4D0C20-F29D-4090-8ECA-C7FAB23A3313}.Debug|Win32.ActiveCfg = Debug|Win32
		{8D4D0C20-F29D-4090-8ECA-C7FAB23A3313}.Debug|Win32.Build.0 = Debug|Win32
		{8D4D0C20-F29D-4090-8ECA-C7FAB23A3313}.Release|Win32.ActiveCfg = Release|Win32
		{8D4D0C20-F29D-4090-8ECA-C7FAB23A3313}.Release|Win32.Build.0 = Release|Win32
		{AD010D5B-4048-48C8-9BE6-82484BEC32B1}.Debug|Win32.ActiveCfg = Debug|Win32
		{AD010D5B-4048-48C8-9BE6-82484BEC32B1}.Debug|Win32.Build.0 = Debug|Win32
		{AD010D5B-4048-48C8-9BE6-82484BEC32B1}.Release|Win32.ActiveCfg = Release|Win32
		{AD010D5B-4048-48C8-9BE6-82484BEC32B1}.Release|Win32.Build.0 = Release|Win32
		{B241C66B-8A81-4160-BE52-A3FDAAC8E6AF}.Debug|Win32.ActiveCfg = Debug|Win32
		{B241C66B-8A81-4160-BE52-A3FDAAC8E6AF}.Debug|Win32.Build.0 = Debug|Win32
		{B241C66B-8A81-4160-BE52-A3FDAAC8E6AF}.Release|Win32.ActiveCfg = Release|Win32
		{B241C66B-8A81-4160-BE52-A3FDAAC8E6AF}.Release|Win32.Build.0 = Release|Win32
	EndGlobalSection
	GlobalSection(SolutionProperties) = preSolution
		HideSolutionNode = FALSE
	EndGlobalSection
	GlobalSection(ExtensibilityGlobals) = postSolution
		SolutionGuid = {7BD519FB-70E1-41A7-9DCA-7C00ADE54409}
	EndGlobalSection
EndGlobal
